Microsoft Visual Studio Solution File, Format Version 12.00
# Visual Studio Version 17
VisualStudioVersion = 17.10.0.0
MinimumVisualStudioVersion = 10.0.40219.1
Project("{9A19103F-16F7-4668-BE54-9A1E7A4F7556}") = "Microsis.Web.Public", "Microsis.Web.Public\Microsis.Web.Public.csproj", "{AAC8E318-EADB-47C5-9A1E-372952AF56D9}"
EndProject
Project("{9A19103F-16F7-4668-BE54-9A1E7A4F7556}") = "Microsis.Web.Reserved", "Microsis.Web.Reserved\Microsis.Web.Reserved.csproj", "{8A3B26CA-11F6-4B64-8BDD-E8DABE1E21F4}"
EndProject
Project("{2150E333-8FDC-42A3-9474-1A3956D46DE8}") = "Solution Items", "Solution Items", "{91A07FEF-8972-4626-BB48-E68412C8E89A}"
	ProjectSection(SolutionItems) = preProject
		.gitignore = .gitignore
		docker-compose.yml = docker-compose.yml
		README.md = README.md
	EndProjectSection
EndProject
Project("{9A19103F-16F7-4668-BE54-9A1E7A4F7556}") = "Microsis.Names", "Microsis.Names\Microsis.Names.csproj", "{382ACF31-C18A-4F84-BB73-76BE949056DF}"
EndProject
Project("{9A19103F-16F7-4668-BE54-9A1E7A4F7556}") = "Microsis.Web.Services", "Microsis.Web.Services\Microsis.Web.Services.csproj", "{C7A376B8-4EF2-44B4-9E4F-6ABB7BEB7575}"
EndProject
Project("{9A19103F-16F7-4668-BE54-9A1E7A4F7556}") = "Microsis.Web.Shared", "Microsis.Web.Shared\Microsis.Web.Shared.csproj", "{D3B5E618-F672-4F86-A5D3-E4F2C3B8AAB0}"
EndProject
Global
	GlobalSection(SolutionConfigurationPlatforms) = preSolution
		Debug|Any CPU = Debug|Any CPU
		Release|Any CPU = Release|Any CPU
	EndGlobalSection
	GlobalSection(ProjectConfigurationPlatforms) = postSolution
		{AAC8E318-EADB-47C5-9A1E-372952AF56D9}.Debug|Any CPU.ActiveCfg = Debug|Any CPU
		{AAC8E318-EADB-47C5-9A1E-372952AF56D9}.Debug|Any CPU.Build.0 = Debug|Any CPU
		{AAC8E318-EADB-47C5-9A1E-372952AF56D9}.Release|Any CPU.ActiveCfg = Release|Any CPU
		{AAC8E318-EADB-47C5-9A1E-372952AF56D9}.Release|Any CPU.Build.0 = Release|Any CPU
		{8A3B26CA-11F6-4B64-8BDD-E8DABE1E21F4}.Debug|Any CPU.ActiveCfg = Debug|Any CPU
		{8A3B26CA-11F6-4B64-8BDD-E8DABE1E21F4}.Debug|Any CPU.Build.0 = Debug|Any CPU
		{8A3B26CA-11F6-4B64-8BDD-E8DABE1E21F4}.Release|Any CPU.ActiveCfg = Release|Any CPU
		{8A3B26CA-11F6-4B64-8BDD-E8DABE1E21F4}.Release|Any CPU.Build.0 = Release|Any CPU
		{382ACF31-C18A-4F84-BB73-76BE949056DF}.Debug|Any CPU.ActiveCfg = Debug|Any CPU
		{382ACF31-C18A-4F84-BB73-76BE949056DF}.Debug|Any CPU.Build.0 = Debug|Any CPU
		{382ACF31-C18A-4F84-BB73-76BE949056DF}.Release|Any CPU.ActiveCfg = Release|Any CPU
		{382ACF31-C18A-4F84-BB73-76BE949056DF}.Release|Any CPU.Build.0 = Release|Any CPU
		{C7A376B8-4EF2-44B4-9E4F-6ABB7BEB7575}.Debug|Any CPU.ActiveCfg = Debug|Any CPU
		{C7A376B8-4EF2-44B4-9E4F-6ABB7BEB7575}.Debug|Any CPU.Build.0 = Debug|Any CPU
		{C7A376B8-4EF2-44B4-9E4F-6ABB7BEB7575}.Release|Any CPU.ActiveCfg = Release|Any CPU
		{C7A376B8-4EF2-44B4-9E4F-6ABB7BEB7575}.Release|Any CPU.Build.0 = Release|Any CPU
		{D3B5E618-F672-4F86-A5D3-E4F2C3B8AAB0}.Debug|Any CPU.ActiveCfg = Debug|Any CPU
		{D3B5E618-F672-4F86-A5D3-E4F2C3B8AAB0}.Debug|Any CPU.Build.0 = Debug|Any CPU
		{D3B5E618-F672-4F86-A5D3-E4F2C3B8AAB0}.Release|Any CPU.ActiveCfg = Release|Any CPU
		{D3B5E618-F672-4F86-A5D3-E4F2C3B8AAB0}.Release|Any CPU.Build.0 = Release|Any CPU
	EndGlobalSection
	GlobalSection(SolutionProperties) = preSolution
		HideSolutionNode = FALSE
	EndGlobalSection
	GlobalSection(ExtensibilityGlobals) = postSolution
		SolutionGuid = {W1X2Y3Z4-A5B6-C7D8-E9F0-G1H2I3J4K5L6}
	EndGlobalSection
EndGlobal
